PODS:
  - Alamofire (5.4.3)
  - AlamofireImage (4.2.0):
    - Alamofire (~> 5.4)
  - CombineCocoa (0.4.0)
  - ESPullToRefresh (2.9.3)
  - IQKeyboardManagerSwift (6.5.6)
  - MBProgressHUD (1.2.0)
  - Realm (10.7.6):
    - Realm/Headers (= 10.7.6)
  - Realm/Headers (10.7.6)
  - RealmSwift (10.7.6):
    - Realm (= 10.7.6)
  - TagListView (1.4.1)

DEPENDENCIES:
  - Alamofire (~> 5.4)
  - AlamofireImage (~> 4.1)
  - CombineCocoa
  - ESPullToRefresh
  - IQKeyboardManagerSwift
  - MBProgressHUD
  - RealmSwift
  - TagListView

SPEC REPOS:
  trunk:
    - Alamofire
    - AlamofireImage
    - CombineCocoa
    - ESPullToRefresh
    - IQKeyboardManagerSwift
    - MBProgressHUD
    - Realm
    - RealmSwift
    - TagListView

SPEC CHECKSUMS:
  Alamofire: e447a2774a40c996748296fa2c55112fdbbc42f9
  AlamofireImage: 34a2d90b0e5fe6a5605f85ae4b7b01e784c60192
  CombineCocoa: 68a050228ce7c53c1c5ac2c57cccf92a7f5c5085
  ESPullToRefresh: 0d68daa602b343c81753a1b95e09fd0bfcddfd40
  IQKeyboardManagerSwift: c7df9d2deb356c04522f5c4b7b6e4ce4d8ed94fe
  MBProgressHUD: 3ee5efcc380f6a79a7cc9b363dd669c5e1ae7406
  Realm: ed860452717c8db8f4bf832b6807f7f2ce708839
  RealmSwift: e31c4ddbcc42ac879313d656b86f9ca539f6f4f4
  TagListView: a1c236d17960a0cf64156725a76ce6d73ebce2be

PODFILE CHECKSUM: b12d7093cfc01e6dc8be115f4bc9e27c7ce56a78

COCOAPODS: 1.10.0
